
Microsoft Visual Studio Solution File, Format Version 12.00
# Visual Studio Version 16
VisualStudioVersion = 16.0.30002.166
MinimumVisualStudioVersion = 15.0.26124.0
Project("{9A19103F-16F7-4668-BE54-9A1E7A4F7556}") = "Domain", "Domain\Domain.csproj", "{F6E6A25F-CD8B-4D65-A24D-7150AADD6A33}"
EndProject
Project("{9A19103F-16F7-4668-BE54-9A1E7A4F7556}") = "Application", "Application\Application.csproj", "{37A2DB8A-35A5-459E-8A71-FBE115BEEE49}"
EndProject
Project("{9A19103F-16F7-4668-BE54-9A1E7A4F7556}") = "Persistence", "Persistence\Persistence.csproj", "{6EFCD7C8-2610-445C-BC7F-154E721F79D7}"
EndProject
Project("{9A19103F-16F7-4668-BE54-9A1E7A4F7556}") = "API", "API\API.csproj", "{D240A852-74F0-4B0D-917C-28B07C4D2ABE}"
EndProject
Project("{2150E333-8FDC-42A3-9474-1A3956D46DE8}") = "Solution Items", "Solution Items", "{FBDECB70-0413-47B5-878C-EDA527E3FC49}"
	ProjectSection(SolutionItems) = preProject
		.gitignore = .gitignore
	EndProjectSection
EndProject
Project("{FAE04EC0-301F-11D3-BF4B-00C04F79EFBC}") = "Client", "Client\Client.csproj", "{0A70A632-AC9A-4106-818D-5FE083146016}"
EndProject
Project("{FAE04EC0-301F-11D3-BF4B-00C04F79EFBC}") = "Infrastructure", "Infrastructure\Infrastructure.csproj", "{9ED5EC29-BEFD-4424-B0A8-C88548EE05B0}"
EndProject
Global
	GlobalSection(SolutionConfigurationPlatforms) = preSolution
		Debug|Any CPU = Debug|Any CPU
		Debug|x64 = Debug|x64
		Debug|x86 = Debug|x86
		Release|Any CPU = Release|Any CPU
		Release|x64 = Release|x64
		Release|x86 = Release|x86
	EndGlobalSection
	GlobalSection(ProjectConfigurationPlatforms) = postSolution
		{F6E6A25F-CD8B-4D65-A24D-7150AADD6A33}.Debug|Any CPU.ActiveCfg = Debug|Any CPU
		{F6E6A25F-CD8B-4D65-A24D-7150AADD6A33}.Debug|Any CPU.Build.0 = Debug|Any CPU
		{F6E6A25F-CD8B-4D65-A24D-7150AADD6A33}.Debug|x64.ActiveCfg = Debug|Any CPU
		{F6E6A25F-CD8B-4D65-A24D-7150AADD6A33}.Debug|x64.Build.0 = Debug|Any CPU
		{F6E6A25F-CD8B-4D65-A24D-7150AADD6A33}.Debug|x86.ActiveCfg = Debug|Any CPU
		{F6E6A25F-CD8B-4D65-A24D-7150AADD6A33}.Debug|x86.Build.0 = Debug|Any CPU
		{F6E6A25F-CD8B-4D65-A24D-7150AADD6A33}.Release|Any CPU.ActiveCfg = Release|Any CPU
		{F6E6A25F-CD8B-4D65-A24D-7150AADD6A33}.Release|Any CPU.Build.0 = Release|Any CPU
		{F6E6A25F-CD8B-4D65-A24D-7150AADD6A33}.Release|x64.ActiveCfg = Release|Any CPU
		{F6E6A25F-CD8B-4D65-A24D-7150AADD6A33}.Release|x64.Build.0 = Release|Any CPU
		{F6E6A25F-CD8B-4D65-A24D-7150AADD6A33}.Release|x86.ActiveCfg = Release|Any CPU
		{F6E6A25F-CD8B-4D65-A24D-7150AADD6A33}.Release|x86.Build.0 = Release|Any CPU
		{37A2DB8A-35A5-459E-8A71-FBE115BEEE49}.Debug|Any CPU.ActiveCfg = Debug|Any CPU
		{37A2DB8A-35A5-459E-8A71-FBE115BEEE49}.Debug|Any CPU.Build.0 = Debug|Any CPU
		{37A2DB8A-35A5-459E-8A71-FBE115BEEE49}.Debug|x64.ActiveCfg = Debug|Any CPU
		{37A2DB8A-35A5-459E-8A71-FBE115BEEE49}.Debug|x64.Build.0 = Debug|Any CPU
		{37A2DB8A-35A5-459E-8A71-FBE115BEEE49}.Debug|x86.ActiveCfg = Debug|Any CPU
		{37A2DB8A-35A5-459E-8A71-FBE115BEEE49}.Debug|x86.Build.0 = Debug|Any CPU
		{37A2DB8A-35A5-459E-8A71-FBE115BEEE49}.Release|Any CPU.ActiveCfg = Release|Any CPU
		{37A2DB8A-35A5-459E-8A71-FBE115BEEE49}.Release|Any CPU.Build.0 = Release|Any CPU
		{37A2DB8A-35A5-459E-8A71-FBE115BEEE49}.Release|x64.ActiveCfg = Release|Any CPU
		{37A2DB8A-35A5-459E-8A71-FBE115BEEE49}.Release|x64.Build.0 = Release|Any CPU
		{37A2DB8A-35A5-459E-8A71-FBE115BEEE49}.Release|x86.ActiveCfg = Release|Any CPU
		{37A2DB8A-35A5-459E-8A71-FBE115BEEE49}.Release|x86.Build.0 = Release|Any CPU
		{6EFCD7C8-2610-445C-BC7F-154E721F79D7}.Debug|Any CPU.ActiveCfg = Debug|Any CPU
		{6EFCD7C8-2610-445C-BC7F-154E721F79D7}.Debug|Any CPU.Build.0 = Debug|Any CPU
		{6EFCD7C8-2610-445C-BC7F-154E721F79D7}.Debug|x64.ActiveCfg = Debug|Any CPU
		{6EFCD7C8-2610-445C-BC7F-154E721F79D7}.Debug|x64.Build.0 = Debug|Any CPU
		{6EFCD7C8-2610-445C-BC7F-154E721F79D7}.Debug|x86.ActiveCfg = Debug|Any CPU
		{6EFCD7C8-2610-445C-BC7F-154E721F79D7}.Debug|x86.Build.0 = Debug|Any CPU
		{6EFCD7C8-2610-445C-BC7F-154E721F79D7}.Release|Any CPU.ActiveCfg = Release|Any CPU
		{6EFCD7C8-2610-445C-BC7F-154E721F79D7}.Release|Any CPU.Build.0 = Release|Any CPU
		{6EFCD7C8-2610-445C-BC7F-154E721F79D7}.Release|x64.ActiveCfg = Release|Any CPU
		{6EFCD7C8-2610-445C-BC7F-154E721F79D7}.Release|x64.Build.0 = Release|Any CPU
		{6EFCD7C8-2610-445C-BC7F-154E721F79D7}.Release|x86.ActiveCfg = Release|Any CPU
		{6EFCD7C8-2610-445C-BC7F-154E721F79D7}.Release|x86.Build.0 = Release|Any CPU
		{D240A852-74F0-4B0D-917C-28B07C4D2ABE}.Debug|Any CPU.ActiveCfg = Debug|Any CPU
		{D240A852-74F0-4B0D-917C-28B07C4D2ABE}.Debug|Any CPU.Build.0 = Debug|Any CPU
		{D240A852-74F0-4B0D-917C-28B07C4D2ABE}.Debug|x64.ActiveCfg = Debug|Any CPU
		{D240A852-74F0-4B0D-917C-28B07C4D2ABE}.Debug|x64.Build.0 = Debug|Any CPU
		{D240A852-74F0-4B0D-917C-28B07C4D2ABE}.Debug|x86.ActiveCfg = Debug|Any CPU
		{D240A852-74F0-4B0D-917C-28B07C4D2ABE}.Debug|x86.Build.0 = Debug|Any CPU
		{D240A852-74F0-4B0D-917C-28B07C4D2ABE}.Release|Any CPU.ActiveCfg = Release|Any CPU
		{D240A852-74F0-4B0D-917C-28B07C4D2ABE}.Release|Any CPU.Build.0 = Release|Any CPU
		{D240A852-74F0-4B0D-917C-28B07C4D2ABE}.Release|x64.ActiveCfg = Release|Any CPU
		{D240A852-74F0-4B0D-917C-28B07C4D2ABE}.Release|x64.Build.0 = Release|Any CPU
		{D240A852-74F0-4B0D-917C-28B07C4D2ABE}.Release|x86.ActiveCfg = Release|Any CPU
		{D240A852-74F0-4B0D-917C-28B07C4D2ABE}.Release|x86.Build.0 = Release|Any CPU
		{0A70A632-AC9A-4106-818D-5FE083146016}.Debug|Any CPU.ActiveCfg = Debug|Any CPU
		{0A70A632-AC9A-4106-818D-5FE083146016}.Debug|Any CPU.Build.0 = Debug|Any CPU
		{0A70A632-AC9A-4106-818D-5FE083146016}.Debug|x64.ActiveCfg = Debug|Any CPU
		{0A70A632-AC9A-4106-818D-5FE083146016}.Debug|x64.Build.0 = Debug|Any CPU
		{0A70A632-AC9A-4106-818D-5FE083146016}.Debug|x86.ActiveCfg = Debug|Any CPU
		{0A70A632-AC9A-4106-818D-5FE083146016}.Debug|x86.Build.0 = Debug|Any CPU
		{0A70A632-AC9A-4106-818D-5FE083146016}.Release|Any CPU.ActiveCfg = Release|Any CPU
		{0A70A632-AC9A-4106-818D-5FE083146016}.Release|Any CPU.Build.0 = Release|Any CPU
		{0A70A632-AC9A-4106-818D-5FE083146016}.Release|x64.ActiveCfg = Release|Any CPU
		{0A70A632-AC9A-4106-818D-5FE083146016}.Release|x64.Build.0 = Release|Any CPU
		{0A70A632-AC9A-4106-818D-5FE083146016}.Release|x86.ActiveCfg = Release|Any CPU
		{0A70A632-AC9A-4106-818D-5FE083146016}.Release|x86.Build.0 = Release|Any CPU
		{9ED5EC29-BEFD-4424-B0A8-C88548EE05B0}.Debug|Any CPU.ActiveCfg = Debug|Any CPU
		{9ED5EC29-BEFD-4424-B0A8-C88548EE05B0}.Debug|Any CPU.Build.0 = Debug|Any CPU
		{9ED5EC29-BEFD-4424-B0A8-C88548EE05B0}.Debug|x64.ActiveCfg = Debug|Any CPU
		{9ED5EC29-BEFD-4424-B0A8-C88548EE05B0}.Debug|x64.Build.0 = Debug|Any CPU
		{9ED5EC29-BEFD-4424-B0A8-C88548EE05B0}.Debug|x86.ActiveCfg = Debug|Any CPU
		{9ED5EC29-BEFD-4424-B0A8-C88548EE05B0}.Debug|x86.Build.0 = Debug|Any CPU
		{9ED5EC29-BEFD-4424-B0A8-C88548EE05B0}.Release|Any CPU.ActiveCfg = Release|Any CPU
		{9ED5EC29-BEFD-4424-B0A8-C88548EE05B0}.Release|Any CPU.Build.0 = Release|Any CPU
		{9ED5EC29-BEFD-4424-B0A8-C88548EE05B0}.Release|x64.ActiveCfg = Release|Any CPU
		{9ED5EC29-BEFD-4424-B0A8-C88548EE05B0}.Release|x64.Build.0 = Release|Any CPU
		{9ED5EC29-BEFD-4424-B0A8-C88548EE05B0}.Release|x86.ActiveCfg = Release|Any CPU
		{9ED5EC29-BEFD-4424-B0A8-C88548EE05B0}.Release|x86.Build.0 = Release|Any CPU
	EndGlobalSection
	GlobalSection(SolutionProperties) = preSolution
		HideSolutionNode = FALSE
	EndGlobalSection
	GlobalSection(ExtensibilityGlobals) = postSolution
		SolutionGuid = {CAAD7B30-67BF-4F17-A2D7-83702103138E}
	EndGlobalSection
EndGlobal
